<?xml version="1.0" encoding="UTF-8"?>
<Scheme
   version = "1.3">
   <BuildAction>
      <BuildActionEntries>
         <BuildActionEntry
            buildForRunning = "YES">
            <BuildableReference
               BuildableIdentifier = "primary"
               BlueprintIdentifier = "095844A32868E78F00595B0F"
               BuildableName = "swiftui-tmdb.app"
               BlueprintName = "swiftui-tmdb"
               ReferencedContainer = "container:swiftui-tmdb.xcodeproj">
            </BuildableReference>
         </BuildActionEntry>
      </BuildActionEntries>
   </BuildAction>
   <LaunchAction
      useCustomWorkingDirectory = "NO"
      buildConfiguration = "Debug"
      allowLocationSimulation = "YES">
      <BuildableProductRunnable>
         <BuildableReference
            BuildableIdentifier = "primary"
            BlueprintIdentifier = "095844A32868E78F00595B0F"
            BuildableName = "swiftui-tmdb.app"
            BlueprintName = "swiftui-tmdb"
            ReferencedContainer = "container:swiftui-tmdb.xcodeproj">
         </BuildableReference>
      </BuildableProductRunnable>
   </LaunchAction>
</Scheme>
